// !$*UTF8*$!
{
	archiveVersion = 1;
	classes = {
	};
	objectVersion = 77;
	objects = {

/* Begin PBXBuildFile section */
		9C2CFC0F4C6AAADD83513544 /* Pods_DDNetCheck.framework in Frameworks */ = {isa = PBXBuildFile; fileRef = 3486E1F5B78C6EFEB8DD212E /* Pods_DDNetCheck.framework */; };
		E4F9660D2DA383E1002B0378 /* AppDelegate.swift in Sources */ = {isa = PBXBuildFile; fileRef = E4F965FC2DA383E1002B0378 /* AppDelegate.swift */; };
		E4F9660E2DA383E1002B0378 /* ViewController.swift in Sources */ = {isa = PBXBuildFile; fileRef = E4F966032DA383E1002B0378 /* ViewController.swift */; };
		E4F9661F2DA383E1002B0378 /* Assets.xcassets in Resources */ = {isa = PBXBuildFile; fileRef = E4F965FD2DA383E1002B0378 /* Assets.xcassets */; };
		E4F966212DA383E1002B0378 /* LaunchScreen.storyboard in Resources */ = {isa = PBXBuildFile; fileRef = E4F966002DA383E1002B0378 /* LaunchScreen.storyboard */; };
		E4F966222DA383E1002B0378 /* Main.storyboard in Resources */ = {isa = PBXBuildFile; fileRef = E4F966022DA383E1002B0378 /* Main.storyboard */; };
		E4F966432DA38443002B0378 /* proxy.png in Resources */ = {isa = PBXBuildFile; fileRef = E4F9662F2DA38443002B0378 /* proxy.png */; };
		E4F966442DA38443002B0378 /* wifi.png in Resources */ = {isa = PBXBuildFile; fileRef = E4F966312DA38443002B0378 /* wifi.png */; };
		E4F966452DA38443002B0378 /* notAvailable.png in Resources */ = {isa = PBXBuildFile; fileRef = E4F9662D2DA38443002B0378 /* notAvailable.png */; };
		E4F966462DA38443002B0378 /* ping.png in Resources */ = {isa = PBXBuildFile; fileRef = E4F9662E2DA38443002B0378 /* ping.png */; };
		E4F966472DA38443002B0378 /* cellular.png in Resources */ = {isa = PBXBuildFile; fileRef = E4F966252DA38443002B0378 /* cellular.png */; };
		E4F966482DA38443002B0378 /* vpn.png in Resources */ = {isa = PBXBuildFile; fileRef = E4F966302DA38443002B0378 /* vpn.png */; };
		E4F966492DA38443002B0378 /* icon-failed.png in Resources */ = {isa = PBXBuildFile; fileRef = E4F966272DA38443002B0378 /* icon-failed.png */; };
		E4F9664A2DA38443002B0378 /* icon-success.png in Resources */ = {isa = PBXBuildFile; fileRef = E4F966282DA38443002B0378 /* icon-success.png */; };
		E4F9664B2DA38443002B0378 /* isConstrained.png in Resources */ = {isa = PBXBuildFile; fileRef = E4F9662C2DA38443002B0378 /* isConstrained.png */; };
		E4F9664C2DA38443002B0378 /* appleServerPing.png in Resources */ = {isa = PBXBuildFile; fileRef = E4F966242DA38443002B0378 /* appleServerPing.png */; };
		E4F9664D2DA38443002B0378 /* ipv4.png in Resources */ = {isa = PBXBuildFile; fileRef = E4F966292DA38443002B0378 /* ipv4.png */; };
		E4F9664E2DA38443002B0378 /* ipv6.png in Resources */ = {isa = PBXBuildFile; fileRef = E4F9662A2DA38443002B0378 /* ipv6.png */; };
		E4F9664F2DA38443002B0378 /* dns.png in Resources */ = {isa = PBXBuildFile; fileRef = E4F966262DA38443002B0378 /* dns.png */; };
		E4F966502DA38443002B0378 /* isConnected.png in Resources */ = {isa = PBXBuildFile; fileRef = E4F9662B2DA38443002B0378 /* isConnected.png */; };
		E4F966512DA38443002B0378 /* appleServerConnected.png in Resources */ = {isa = PBXBuildFile; fileRef = E4F966232DA38443002B0378 /* appleServerConnected.png */; };
		E4F966522DA38443002B0378 /* Localizable.strings in Resources */ = {isa = PBXBuildFile; fileRef = E4F966352DA38443002B0378 /* Localizable.strings */; };
		E4F966532DA38443002B0378 /* DDNetCheckTableViewPlatformCellModel.swift in Sources */ = {isa = PBXBuildFile; fileRef = E4F966392DA38443002B0378 /* DDNetCheckTableViewPlatformCellModel.swift */; };
		E4F966542DA38443002B0378 /* DDNetCheckVC.swift in Sources */ = {isa = PBXBuildFile; fileRef = E4F966412DA38443002B0378 /* DDNetCheckVC.swift */; };
		E4F966552DA38443002B0378 /* DDNetCheck.swift in Sources */ = {isa = PBXBuildFile; fileRef = E4F966402DA38443002B0378 /* DDNetCheck.swift */; };
		E4F966562DA38443002B0378 /* DDNetCheckTableViewCell.swift in Sources */ = {isa = PBXBuildFile; fileRef = E4F9663E2DA38443002B0378 /* DDNetCheckTableViewCell.swift */; };
		E4F966572DA38443002B0378 /* DDNetCheckTableViewTestCellModel.swift in Sources */ = {isa = PBXBuildFile; fileRef = E4F9663A2DA38443002B0378 /* DDNetCheckTableViewTestCellModel.swift */; };
		E4F966582DA38443002B0378 /* DDNetCheckTableViewWebCellModel.swift in Sources */ = {isa = PBXBuildFile; fileRef = E4F9663B2DA38443002B0378 /* DDNetCheckTableViewWebCellModel.swift */; };
		E4F966592DA38443002B0378 /* DDNetCheckStatusView.swift in Sources */ = {isa = PBXBuildFile; fileRef = E4F9663D2DA38443002B0378 /* DDNetCheckStatusView.swift */; };
		E4F9665A2DA38443002B0378 /* DDNetCheckTableViewCellModel.swift in Sources */ = {isa = PBXBuildFile; fileRef = E4F966382DA38443002B0378 /* DDNetCheckTableViewCellModel.swift */; };
		E4F966642DA3D295002B0378 /* log_icon_scale.png in Resources */ = {isa = PBXBuildFile; fileRef = E4F966622DA3D295002B0378 /* log_icon_scale.png */; };
		E4F966652DA3D295002B0378 /* log_icon_close.png in Resources */ = {isa = PBXBuildFile; fileRef = E4F966612DA3D295002B0378 /* log_icon_close.png */; };
		E4F966662DA3D295002B0378 /* log_icon_subtract.png in Resources */ = {isa = PBXBuildFile; fileRef = E4F966632DA3D295002B0378 /* log_icon_subtract.png */; };
/* End PBXBuildFile section */

/* Begin PBXFileReference section */
		3486E1F5B78C6EFEB8DD212E /* Pods_DDNetCheck.framework */ = {isa = PBXFileReference; explicitFileType = wrapper.framework; includeInIndex = 0; path = Pods_DDNetCheck.framework; sourceTree = BUILT_PRODUCTS_DIR; };
		710EE6D34FE631ADA045D1E1 /* Pods-DDNetCheck.debug.xcconfig */ = {isa = PBXFileReference; includeInIndex = 1; lastKnownFileType = text.xcconfig; name = "Pods-DDNetCheck.debug.xcconfig"; path = "Target Support Files/Pods-DDNetCheck/Pods-DDNetCheck.debug.xcconfig"; sourceTree = "<group>"; };
		C579310AEAB542E541B3122F /* Pods-DDNetCheck.release.xcconfig */ = {isa = PBXFileReference; includeInIndex = 1; lastKnownFileType = text.xcconfig; name = "Pods-DDNetCheck.release.xcconfig"; path = "Target Support Files/Pods-DDNetCheck/Pods-DDNetCheck.release.xcconfig"; sourceTree = "<group>"; };
		E4F963EE2D9E3276002B0378 /* DDNetCheck.app */ = {isa = PBXFileReference; explicitFileType = wrapper.application; includeInIndex = 0; path = DDNetCheck.app; sourceTree = BUILT_PRODUCTS_DIR; };
		E4F965FC2DA383E1002B0378 /* AppDelegate.swift */ = {isa = PBXFileReference; lastKnownFileType = sourcecode.swift; path = AppDelegate.swift; sourceTree = "<group>"; };
		E4F965FD2DA383E1002B0378 /* Assets.xcassets */ = {isa = PBXFileReference; lastKnownFileType = folder.assetcatalog; path = Assets.xcassets; sourceTree = "<group>"; };
		E4F965FE2DA383E1002B0378 /* Info.plist */ = {isa = PBXFileReference; lastKnownFileType = text.plist.xml; path = Info.plist; sourceTree = "<group>"; };
		E4F965FF2DA383E1002B0378 /* Base */ = {isa = PBXFileReference; lastKnownFileType = file.storyboard; name = Base; path = Base.lproj/LaunchScreen.storyboard; sourceTree = "<group>"; };
		E4F966012DA383E1002B0378 /* Base */ = {isa = PBXFileReference; lastKnownFileType = file.storyboard; name = Base; path = Base.lproj/Main.storyboard; sourceTree = "<group>"; };
		E4F966032DA383E1002B0378 /* ViewController.swift */ = {isa = PBXFileReference; lastKnownFileType = sourcecode.swift; path = ViewController.swift; sourceTree = "<group>"; };
		E4F966232DA38443002B0378 /* appleServerConnected.png */ = {isa = PBXFileReference; lastKnownFileType = image.png; path = appleServerConnected.png; sourceTree = "<group>"; };
		E4F966242DA38443002B0378 /* appleServerPing.png */ = {isa = PBXFileReference; lastKnownFileType = image.png; path = appleServerPing.png; sourceTree = "<group>"; };
		E4F966252DA38443002B0378 /* cellular.png */ = {isa = PBXFileReference; lastKnownFileType = image.png; path = cellular.png; sourceTree = "<group>"; };
		E4F966262DA38443002B0378 /* dns.png */ = {isa = PBXFileReference; lastKnownFileType = image.png; path = dns.png; sourceTree = "<group>"; };
		E4F966272DA38443002B0378 /* icon-failed.png */ = {isa = PBXFileReference; lastKnownFileType = image.png; path = "icon-failed.png"; sourceTree = "<group>"; };
		E4F966282DA38443002B0378 /* icon-success.png */ = {isa = PBXFileReference; lastKnownFileType = image.png; path = "icon-success.png"; sourceTree = "<group>"; };
		E4F966292DA38443002B0378 /* ipv4.png */ = {isa = PBXFileReference; lastKnownFileType = image.png; path = ipv4.png; sourceTree = "<group>"; };
		E4F9662A2DA38443002B0378 /* ipv6.png */ = {isa = PBXFileReference; lastKnownFileType = image.png; path = ipv6.png; sourceTree = "<group>"; };
		E4F9662B2DA38443002B0378 /* isConnected.png */ = {isa = PBXFileReference; lastKnownFileType = image.png; path = isConnected.png; sourceTree = "<group>"; };
		E4F9662C2DA38443002B0378 /* isConstrained.png */ = {isa = PBXFileReference; lastKnownFileType = image.png; path = isConstrained.png; sourceTree = "<group>"; };
		E4F9662D2DA38443002B0378 /* notAvailable.png */ = {isa = PBXFileReference; lastKnownFileType = image.png; path = notAvailable.png; sourceTree = "<group>"; };
		E4F9662E2DA38443002B0378 /* ping.png */ = {isa = PBXFileReference; lastKnownFileType = image.png; path = ping.png; sourceTree = "<group>"; };
		E4F9662F2DA38443002B0378 /* proxy.png */ = {isa = PBXFileReference; lastKnownFileType = image.png; path = proxy.png; sourceTree = "<group>"; };
		E4F966302DA38443002B0378 /* vpn.png */ = {isa = PBXFileReference; lastKnownFileType = image.png; path = vpn.png; sourceTree = "<group>"; };
		E4F966312DA38443002B0378 /* wifi.png */ = {isa = PBXFileReference; lastKnownFileType = image.png; path = wifi.png; sourceTree = "<group>"; };
		E4F966332DA38443002B0378 /* en */ = {isa = PBXFileReference; lastKnownFileType = text.plist.strings; name = en; path = en.lproj/Localizable.strings; sourceTree = "<group>"; };
		E4F966342DA38443002B0378 /* zh-Hans */ = {isa = PBXFileReference; lastKnownFileType = text.plist.strings; name = "zh-Hans"; path = "zh-Hans.lproj/Localizable.strings"; sourceTree = "<group>"; };
		E4F966382DA38443002B0378 /* DDNetCheckTableViewCellModel.swift */ = {isa = PBXFileReference; lastKnownFileType = sourcecode.swift; path = DDNetCheckTableViewCellModel.swift; sourceTree = "<group>"; };
		E4F966392DA38443002B0378 /* DDNetCheckTableViewPlatformCellModel.swift */ = {isa = PBXFileReference; lastKnownFileType = sourcecode.swift; path = DDNetCheckTableViewPlatformCellModel.swift; sourceTree = "<group>"; };
		E4F9663A2DA38443002B0378 /* DDNetCheckTableViewTestCellModel.swift */ = {isa = PBXFileReference; lastKnownFileType = sourcecode.swift; path = DDNetCheckTableViewTestCellModel.swift; sourceTree = "<group>"; };
		E4F9663B2DA38443002B0378 /* DDNetCheckTableViewWebCellModel.swift */ = {isa = PBXFileReference; lastKnownFileType = sourcecode.swift; path = DDNetCheckTableViewWebCellModel.swift; sourceTree = "<group>"; };
		E4F9663D2DA38443002B0378 /* DDNetCheckStatusView.swift */ = {isa = PBXFileReference; lastKnownFileType = sourcecode.swift; path = DDNetCheckStatusView.swift; sourceTree = "<group>"; };
		E4F9663E2DA38443002B0378 /* DDNetCheckTableViewCell.swift */ = {isa = PBXFileReference; lastKnownFileType = sourcecode.swift; path = DDNetCheckTableViewCell.swift; sourceTree = "<group>"; };
		E4F966402DA38443002B0378 /* DDNetCheck.swift */ = {isa = PBXFileReference; lastKnownFileType = sourcecode.swift; path = DDNetCheck.swift; sourceTree = "<group>"; };
		E4F966412DA38443002B0378 /* DDNetCheckVC.swift */ = {isa = PBXFileReference; lastKnownFileType = sourcecode.swift; path = DDNetCheckVC.swift; sourceTree = "<group>"; };
		E4F966612DA3D295002B0378 /* log_icon_close.png */ = {isa = PBXFileReference; lastKnownFileType = image.png; path = log_icon_close.png; sourceTree = "<group>"; };
		E4F966622DA3D295002B0378 /* log_icon_scale.png */ = {isa = PBXFileReference; lastKnownFileType = image.png; path = log_icon_scale.png; sourceTree = "<group>"; };
		E4F966632DA3D295002B0378 /* log_icon_subtract.png */ = {isa = PBXFileReference; lastKnownFileType = image.png; path = log_icon_subtract.png; sourceTree = "<group>"; };
/* End PBXFileReference section */

/* Begin PBXFrameworksBuildPhase section */
		E4F963EB2D9E3276002B0378 /* Frameworks */ = {
			isa = PBXFrameworksBuildPhase;
			buildActionMask = 2147483647;
			files = (
				9C2CFC0F4C6AAADD83513544 /* Pods_DDNetCheck.framework in Frameworks */,
			);
			runOnlyForDeploymentPostprocessing = 0;
		};
/* End PBXFrameworksBuildPhase section */

/* Begin PBXGroup section */
		84189644B8331531E3E9F5FD /* Pods */ = {
			isa = PBXGroup;
			children = (
				710EE6D34FE631ADA045D1E1 /* Pods-DDNetCheck.debug.xcconfig */,
				C579310AEAB542E541B3122F /* Pods-DDNetCheck.release.xcconfig */,
			);
			path = Pods;
			sourceTree = "<group>";
		};
		CAEB757B580818BF55CBEB07 /* Frameworks */ = {
			isa = PBXGroup;
			children = (
				3486E1F5B78C6EFEB8DD212E /* Pods_DDNetCheck.framework */,
			);
			name = Frameworks;
			sourceTree = "<group>";
		};
		E4F963E52D9E3276002B0378 = {
			isa = PBXGroup;
			children = (
				E4F966042DA383E1002B0378 /* DDNetCheck */,
				E4F963EF2D9E3276002B0378 /* Products */,
				84189644B8331531E3E9F5FD /* Pods */,
				CAEB757B580818BF55CBEB07 /* Frameworks */,
			);
			sourceTree = "<group>";
		};
		E4F963EF2D9E3276002B0378 /* Products */ = {
			isa = PBXGroup;
			children = (
				E4F963EE2D9E3276002B0378 /* DDNetCheck.app */,
			);
			name = Products;
			sourceTree = "<group>";
		};
		E4F966042DA383E1002B0378 /* DDNetCheck */ = {
			isa = PBXGroup;
			children = (
				E4F966422DA38443002B0378 /* Pods */,
				E4F965FC2DA383E1002B0378 /* AppDelegate.swift */,
				E4F965FD2DA383E1002B0378 /* Assets.xcassets */,
				E4F965FE2DA383E1002B0378 /* Info.plist */,
				E4F966002DA383E1002B0378 /* LaunchScreen.storyboard */,
				E4F966022DA383E1002B0378 /* Main.storyboard */,
				E4F966032DA383E1002B0378 /* ViewController.swift */,
			);
			path = DDNetCheck;
			sourceTree = "<group>";
		};
		E4F966322DA38443002B0378 /* icon */ = {
			isa = PBXGroup;
			children = (
				E4F966612DA3D295002B0378 /* log_icon_close.png */,
				E4F966622DA3D295002B0378 /* log_icon_scale.png */,
				E4F966632DA3D295002B0378 /* log_icon_subtract.png */,
				E4F966232DA38443002B0378 /* appleServerConnected.png */,
				E4F966242DA38443002B0378 /* appleServerPing.png */,
				E4F966252DA38443002B0378 /* cellular.png */,
				E4F966262DA38443002B0378 /* dns.png */,
				E4F966272DA38443002B0378 /* icon-failed.png */,
				E4F966282DA38443002B0378 /* icon-success.png */,
				E4F966292DA38443002B0378 /* ipv4.png */,
				E4F9662A2DA38443002B0378 /* ipv6.png */,
				E4F9662B2DA38443002B0378 /* isConnected.png */,
				E4F9662C2DA38443002B0378 /* isConstrained.png */,
				E4F9662D2DA38443002B0378 /* notAvailable.png */,
				E4F9662E2DA38443002B0378 /* ping.png */,
				E4F9662F2DA38443002B0378 /* proxy.png */,
				E4F966302DA38443002B0378 /* vpn.png */,
				E4F966312DA38443002B0378 /* wifi.png */,
			);
			path = icon;
			sourceTree = "<group>";
		};
		E4F966362DA38443002B0378 /* localizable */ = {
			isa = PBXGroup;
			children = (
				E4F966352DA38443002B0378 /* Localizable.strings */,
			);
			path = localizable;
			sourceTree = "<group>";
		};
		E4F966372DA38443002B0378 /* assets */ = {
			isa = PBXGroup;
			children = (
				E4F966322DA38443002B0378 /* icon */,
				E4F966362DA38443002B0378 /* localizable */,
			);
			path = assets;
			sourceTree = "<group>";
		};
		E4F9663C2DA38443002B0378 /* model */ = {
			isa = PBXGroup;
			children = (
				E4F966382DA38443002B0378 /* DDNetCheckTableViewCellModel.swift */,
				E4F966392DA38443002B0378 /* DDNetCheckTableViewPlatformCellModel.swift */,
				E4F9663A2DA38443002B0378 /* DDNetCheckTableViewTestCellModel.swift */,
				E4F9663B2DA38443002B0378 /* DDNetCheckTableViewWebCellModel.swift */,
			);
			path = model;
			sourceTree = "<group>";
		};
		E4F9663F2DA38443002B0378 /* view */ = {
			isa = PBXGroup;
			children = (
				E4F9663D2DA38443002B0378 /* DDNetCheckStatusView.swift */,
				E4F9663E2DA38443002B0378 /* DDNetCheckTableViewCell.swift */,
			);
			path = view;
			sourceTree = "<group>";
		};
		E4F966422DA38443002B0378 /* Pods */ = {
			isa = PBXGroup;
			children = (
				E4F966372DA38443002B0378 /* assets */,
				E4F9663C2DA38443002B0378 /* model */,
				E4F9663F2DA38443002B0378 /* view */,
				E4F966402DA38443002B0378 /* DDNetCheck.swift */,
				E4F966412DA38443002B0378 /* DDNetCheckVC.swift */,
			);
			name = Pods;
			path = ../Pods;
			sourceTree = SOURCE_ROOT;
		};
/* End PBXGroup section */

/* Begin PBXNativeTarget section */
		E4F963ED2D9E3276002B0378 /* DDNetCheck */ = {
			isa = PBXNativeTarget;
			buildConfigurationList = E4F964012D9E327B002B0378 /* Build configuration list for PBXNativeTarget "DDNetCheck" */;
			buildPhases = (
				2837EF33F15BD1B8F2EAB4FC /* [CP] Check Pods Manifest.lock */,
				E4F963EA2D9E3276002B0378 /* Sources */,
				E4F963EB2D9E3276002B0378 /* Frameworks */,
				E4F963EC2D9E3276002B0378 /* Resources */,
				3B2B834552A850AFD9B464DC /* [CP] Embed Pods Frameworks */,
			);
			buildRules = (
			);
			dependencies = (
			);
			name = DDNetCheck;
			productName = DDNetCheck;
			productReference = E4F963EE2D9E3276002B0378 /* DDNetCheck.app */;
			productType = "com.apple.product-type.application";
		};
/* End PBXNativeTarget section */

/* Begin PBXProject section */
		E4F963E62D9E3276002B0378 /* Project object */ = {
			isa = PBXProject;
			attributes = {
				BuildIndependentTargetsInParallel = 1;
				LastSwiftUpdateCheck = 1600;
				LastUpgradeCheck = 1600;
				TargetAttributes = {
					E4F963ED2D9E3276002B0378 = {
						CreatedOnToolsVersion = 16.0;
					};
				};
			};
			buildConfigurationList = E4F963E92D9E3276002B0378 /* Build configuration list for PBXProject "DDNetCheck" */;
			developmentRegion = en;
			hasScannedForEncodings = 0;
			knownRegions = (
				en,
				Base,
				"zh-Hans",
			);
			mainGroup = E4F963E52D9E3276002B0378;
			minimizedProjectReferenceProxies = 1;
			preferredProjectObjectVersion = 77;
			productRefGroup = E4F963EF2D9E3276002B0378 /* Products */;
			projectDirPath = "";
			projectRoot = "";
			targets = (
				E4F963ED2D9E3276002B0378 /* DDNetCheck */,
			);
		};
/* End PBXProject section */

/* Begin PBXResourcesBuildPhase section */
		E4F963EC2D9E3276002B0378 /* Resources */ = {
			isa = PBXResourcesBuildPhase;
			buildActionMask = 2147483647;
			files = (
				E4F9661F2DA383E1002B0378 /* Assets.xcassets in Resources */,
				E4F966212DA383E1002B0378 /* LaunchScreen.storyboard in Resources */,
				E4F966222DA383E1002B0378 /* Main.storyboard in Resources */,
				E4F966432DA38443002B0378 /* proxy.png in Resources */,
				E4F966442DA38443002B0378 /* wifi.png in Resources */,
				E4F966452DA38443002B0378 /* notAvailable.png in Resources */,
				E4F966462DA38443002B0378 /* ping.png in Resources */,
				E4F966642DA3D295002B0378 /* log_icon_scale.png in Resources */,
				E4F966652DA3D295002B0378 /* log_icon_close.png in Resources */,
				E4F966662DA3D295002B0378 /* log_icon_subtract.png in Resources */,
				E4F966472DA38443002B0378 /* cellular.png in Resources */,
				E4F966482DA38443002B0378 /* vpn.png in Resources */,
				E4F966492DA38443002B0378 /* icon-failed.png in Resources */,
				E4F9664A2DA38443002B0378 /* icon-success.png in Resources */,
				E4F9664B2DA38443002B0378 /* isConstrained.png in Resources */,
				E4F9664C2DA38443002B0378 /* appleServerPing.png in Resources */,
				E4F9664D2DA38443002B0378 /* ipv4.png in Resources */,
				E4F9664E2DA38443002B0378 /* ipv6.png in Resources */,
				E4F9664F2DA38443002B0378 /* dns.png in Resources */,
				E4F966502DA38443002B0378 /* isConnected.png in Resources */,
				E4F966512DA38443002B0378 /* appleServerConnected.png in Resources */,
				E4F966522DA38443002B0378 /* Localizable.strings in Resources */,
			);
			runOnlyForDeploymentPostprocessing = 0;
		};
/* End PBXResourcesBuildPhase section */

/* Begin PBXShellScriptBuildPhase section */
		2837EF33F15BD1B8F2EAB4FC /* [CP] Check Pods Manifest.lock */ = {
			isa = PBXShellScriptBuildPhase;
			buildActionMask = 2147483647;
			files = (
			);
			inputFileListPaths = (
			);
			inputPaths = (
				"${PODS_PODFILE_DIR_PATH}/Podfile.lock",
				"${PODS_ROOT}/Manifest.lock",
			);
			name = "[CP] Check Pods Manifest.lock";
			outputFileListPaths = (
			);
			outputPaths = (
				"$(DERIVED_FILE_DIR)/Pods-DDNetCheck-checkManifestLockResult.txt",
			);
			runOnlyForDeploymentPostprocessing = 0;
			shellPath = /bin/sh;
			shellScript = "diff \"${PODS_PODFILE_DIR_PATH}/Podfile.lock\" \"${PODS_ROOT}/Manifest.lock\" > /dev/null\nif [ $? != 0 ] ; then\n    # print error to STDERR\n    echo \"error: The sandbox is not in sync with the Podfile.lock. Run 'pod install' or update your CocoaPods installation.\" >&2\n    exit 1\nfi\n# This output is used by Xcode 'outputs' to avoid re-running this script phase.\necho \"SUCCESS\" > \"${SCRIPT_OUTPUT_FILE_0}\"\n";
			showEnvVarsInLog = 0;
		};
		3B2B834552A850AFD9B464DC /* [CP] Embed Pods Frameworks */ = {
			isa = PBXShellScriptBuildPhase;
			buildActionMask = 2147483647;
			files = (
			);
			inputFileListPaths = (
				"${PODS_ROOT}/Target Support Files/Pods-DDNetCheck/Pods-DDNetCheck-frameworks-${CONFIGURATION}-input-files.xcfilelist",
			);
			name = "[CP] Embed Pods Frameworks";
			outputFileListPaths = (
				"${PODS_ROOT}/Target Support Files/Pods-DDNetCheck/Pods-DDNetCheck-frameworks-${CONFIGURATION}-output-files.xcfilelist",
			);
			runOnlyForDeploymentPostprocessing = 0;
			shellPath = /bin/sh;
			shellScript = "\"${PODS_ROOT}/Target Support Files/Pods-DDNetCheck/Pods-DDNetCheck-frameworks.sh\"\n";
			showEnvVarsInLog = 0;
		};
/* End PBXShellScriptBuildPhase section */

/* Begin PBXSourcesBuildPhase section */
		E4F963EA2D9E3276002B0378 /* Sources */ = {
			isa = PBXSourcesBuildPhase;
			buildActionMask = 2147483647;
			files = (
				E4F9660D2DA383E1002B0378 /* AppDelegate.swift in Sources */,
				E4F966532DA38443002B0378 /* DDNetCheckTableViewPlatformCellModel.swift in Sources */,
				E4F966542DA38443002B0378 /* DDNetCheckVC.swift in Sources */,
				E4F966552DA38443002B0378 /* DDNetCheck.swift in Sources */,
				E4F966562DA38443002B0378 /* DDNetCheckTableViewCell.swift in Sources */,
				E4F966572DA38443002B0378 /* DDNetCheckTableViewTestCellModel.swift in Sources */,
				E4F966582DA38443002B0378 /* DDNetCheckTableViewWebCellModel.swift in Sources */,
				E4F966592DA38443002B0378 /* DDNetCheckStatusView.swift in Sources */,
				E4F9665A2DA38443002B0378 /* DDNetCheckTableViewCellModel.swift in Sources */,
				E4F9660E2DA383E1002B0378 /* ViewController.swift in Sources */,
			);
			runOnlyForDeploymentPostprocessing = 0;
		};
/* End PBXSourcesBuildPhase section */

/* Begin PBXVariantGroup section */
		E4F966002DA383E1002B0378 /* LaunchScreen.storyboard */ = {
			isa = PBXVariantGroup;
			children = (
				E4F965FF2DA383E1002B0378 /* Base */,
			);
			name = LaunchScreen.storyboard;
			sourceTree = "<group>";
		};
		E4F966022DA383E1002B0378 /* Main.storyboard */ = {
			isa = PBXVariantGroup;
			children = (
				E4F966012DA383E1002B0378 /* Base */,
			);
			name = Main.storyboard;
			sourceTree = "<group>";
		};
		E4F966352DA38443002B0378 /* Localizable.strings */ = {
			isa = PBXVariantGroup;
			children = (
				E4F966332DA38443002B0378 /* en */,
				E4F966342DA38443002B0378 /* zh-Hans */,
			);
			name = Localizable.strings;
			sourceTree = "<group>";
		};
/* End PBXVariantGroup section */

/* Begin XCBuildConfiguration section */
		E4F964022D9E327B002B0378 /* Debug */ = {
			isa = XCBuildConfiguration;
			baseConfigurationReference = 710EE6D34FE631ADA045D1E1 /* Pods-DDNetCheck.debug.xcconfig */;
			buildSettings = {
				ASSETCATALOG_COMPILER_APPICON_NAME = AppIcon;
				ASSETCATALOG_COMPILER_GLOBAL_ACCENT_COLOR_NAME = AccentColor;
				CODE_SIGN_STYLE = Automatic;
				CURRENT_PROJECT_VERSION = 1;
				ENABLE_USER_SCRIPT_SANDBOXING = NO;
				GENERATE_INFOPLIST_FILE = YES;
				INFOPLIST_FILE = DDNetCheck/Info.plist;
				INFOPLIST_KEY_UIApplicationSupportsIndirectInputEvents = YES;
				INFOPLIST_KEY_UILaunchStoryboardName = LaunchScreen;
				INFOPLIST_KEY_UIMainStoryboardFile = Main;
				INFOPLIST_KEY_UISupportedInterfaceOrientations_iPad = "UIInterfaceOrientationPortrait UIInterfaceOrientationPortraitUpsideDown UIInterfaceOrientationLandscapeLeft UIInterfaceOrientationLandscapeRight";
				INFOPLIST_KEY_UISupportedInterfaceOrientations_iPhone = "UIInterfaceOrientationPortrait UIInterfaceOrientationLandscapeLeft UIInterfaceOrientationLandscapeRight";
				IPHONEOS_DEPLOYMENT_TARGET = 12.0;
				LD_RUNPATH_SEARCH_PATHS = (
					"$(inherited)",
					"@executable_path/Frameworks",
				);
				MARKETING_VERSION = 1.0;
				PRODUCT_BUNDLE_IDENTIFIER = com.lazypig.DDNetCheck;
				PRODUCT_NAME = "$(TARGET_NAME)";
				SWIFT_EMIT_LOC_STRINGS = YES;
				SWIFT_VERSION = 5.0;
				TARGETED_DEVICE_FAMILY = "1,2";
			};
			name = Debug;
		};
		E4F964032D9E327B002B0378 /* Release */ = {
			isa = XCBuildConfiguration;
			baseConfigurationReference = C579310AEAB542E541B3122F /* Pods-DDNetCheck.release.xcconfig */;
			buildSettings = {
				ASSETCATALOG_COMPILER_APPICON_NAME = AppIcon;
				ASSETCATALOG_COMPILER_GLOBAL_ACCENT_COLOR_NAME = AccentColor;
				CODE_SIGN_STYLE = Automatic;
				CURRENT_PROJECT_VERSION = 1;
				ENABLE_USER_SCRIPT_SANDBOXING = NO;
				GENERATE_INFOPLIST_FILE = YES;
				INFOPLIST_FILE = DDNetCheck/Info.plist;
				INFOPLIST_KEY_UIApplicationSupportsIndirectInputEvents = YES;
				INFOPLIST_KEY_UILaunchStoryboardName = LaunchScreen;
				INFOPLIST_KEY_UIMainStoryboardFile = Main;
				INFOPLIST_KEY_UISupportedInterfaceOrientations_iPad = "UIInterfaceOrientationPortrait UIInterfaceOrientationPortraitUpsideDown UIInterfaceOrientationLandscapeLeft UIInterfaceOrientationLandscapeRight";
				INFOPLIST_KEY_UISupportedInterfaceOrientations_iPhone = "UIInterfaceOrientationPortrait UIInterfaceOrientationLandscapeLeft UIInterfaceOrientationLandscapeRight";
				IPHONEOS_DEPLOYMENT_TARGET = 12.0;
				LD_RUNPATH_SEARCH_PATHS = (
					"$(inherited)",
					"@executable_path/Frameworks",
				);
				MARKETING_VERSION = 1.0;
				PRODUCT_BUNDLE_IDENTIFIER = com.lazypig.DDNetCheck;
				PRODUCT_NAME = "$(TARGET_NAME)";
				SWIFT_EMIT_LOC_STRINGS = YES;
				SWIFT_VERSION = 5.0;
				TARGETED_DEVICE_FAMILY = "1,2";
			};
			name = Release;
		};
		E4F964042D9E327B002B0378 /* Debug */ = {
			isa = XCBuildConfiguration;
			buildSettings = {
				ALWAYS_SEARCH_USER_PATHS = NO;
				ASSETCATALOG_COMPILER_GENERATE_SWIFT_ASSET_SYMBOL_EXTENSIONS = YES;
				CLANG_ANALYZER_NONNULL = YES;
				CLANG_ANALYZER_NUMBER_OBJECT_CONVERSION = YES_AGGRESSIVE;
				CLANG_CXX_LANGUAGE_STANDARD = "gnu++20";
				CLANG_ENABLE_MODULES = YES;
				CLANG_ENABLE_OBJC_ARC = YES;
				CLANG_ENABLE_OBJC_WEAK = YES;
				CLANG_WARN_BLOCK_CAPTURE_AUTORELEASING = YES;
				CLANG_WARN_BOOL_CONVERSION = YES;
				CLANG_WARN_COMMA = YES;
				CLANG_WARN_CONSTANT_CONVERSION = YES;
				CLANG_WARN_DEPRECATED_OBJC_IMPLEMENTATIONS = YES;
				CLANG_WARN_DIRECT_OBJC_ISA_USAGE = YES_ERROR;
				CLANG_WARN_DOCUMENTATION_COMMENTS = YES;
				CLANG_WARN_EMPTY_BODY = YES;
				CLANG_WARN_ENUM_CONVERSION = YES;
				CLANG_WARN_INFINITE_RECURSION = YES;
				CLANG_WARN_INT_CONVERSION = YES;
				CLANG_WARN_NON_LITERAL_NULL_CONVERSION = YES;
				CLANG_WARN_OBJC_IMPLICIT_RETAIN_SELF = YES;
				CLANG_WARN_OBJC_LITERAL_CONVERSION = YES;
				CLANG_WARN_OBJC_ROOT_CLASS = YES_ERROR;
				CLANG_WARN_QUOTED_INCLUDE_IN_FRAMEWORK_HEADER = YES;
				CLANG_WARN_RANGE_LOOP_ANALYSIS = YES;
				CLANG_WARN_STRICT_PROTOTYPES = YES;
				CLANG_WARN_SUSPICIOUS_MOVE = YES;
				CLANG_WARN_UNGUARDED_AVAILABILITY = YES_AGGRESSIVE;
				CLANG_WARN_UNREACHABLE_CODE = YES;
				CLANG_WARN__DUPLICATE_METHOD_MATCH = YES;
				COPY_PHASE_STRIP = NO;
				DEBUG_INFORMATION_FORMAT = dwarf;
				ENABLE_STRICT_OBJC_MSGSEND = YES;
				ENABLE_TESTABILITY = YES;
				ENABLE_USER_SCRIPT_SANDBOXING = YES;
				GCC_C_LANGUAGE_STANDARD = gnu17;
				GCC_DYNAMIC_NO_PIC = NO;
				GCC_NO_COMMON_BLOCKS = YES;
				GCC_OPTIMIZATION_LEVEL = 0;
				GCC_PREPROCESSOR_DEFINITIONS = (
					"DEBUG=1",
					"$(inherited)",
				);
				GCC_WARN_64_TO_32_BIT_CONVERSION = YES;
				GCC_WARN_ABOUT_RETURN_TYPE = YES_ERROR;
				GCC_WARN_UNDECLARED_SELECTOR = YES;
				GCC_WARN_UNINITIALIZED_AUTOS = YES_AGGRESSIVE;
				GCC_WARN_UNUSED_FUNCTION = YES;
				GCC_WARN_UNUSED_VARIABLE = YES;
				IPHONEOS_DEPLOYMENT_TARGET = 18.0;
				LOCALIZATION_PREFERS_STRING_CATALOGS = YES;
				MTL_ENABLE_DEBUG_INFO = INCLUDE_SOURCE;
				MTL_FAST_MATH = YES;
				ONLY_ACTIVE_ARCH = YES;
				SDKROOT = iphoneos;
				SWIFT_ACTIVE_COMPILATION_CONDITIONS = "DEBUG $(inherited)";
				SWIFT_OPTIMIZATION_LEVEL = "-Onone";
			};
			name = Debug;
		};
		E4F964052D9E327B002B0378 /* Release */ = {
			isa = XCBuildConfiguration;
			buildSettings = {
				ALWAYS_SEARCH_USER_PATHS = NO;
				ASSETCATALOG_COMPILER_GENERATE_SWIFT_ASSET_SYMBOL_EXTENSIONS = YES;
				CLANG_ANALYZER_NONNULL = YES;
				CLANG_ANALYZER_NUMBER_OBJECT_CONVERSION = YES_AGGRESSIVE;
				CLANG_CXX_LANGUAGE_STANDARD = "gnu++20";
				CLANG_ENABLE_MODULES = YES;
				CLANG_ENABLE_OBJC_ARC = YES;
				CLANG_ENABLE_OBJC_WEAK = YES;
				CLANG_WARN_BLOCK_CAPTURE_AUTORELEASING = YES;
				CLANG_WARN_BOOL_CONVERSION = YES;
				CLANG_WARN_COMMA = YES;
				CLANG_WARN_CONSTANT_CONVERSION = YES;
				CLANG_WARN_DEPRECATED_OBJC_IMPLEMENTATIONS = YES;
				CLANG_WARN_DIRECT_OBJC_ISA_USAGE = YES_ERROR;
				CLANG_WARN_DOCUMENTATION_COMMENTS = YES;
				CLANG_WARN_EMPTY_BODY = YES;
				CLANG_WARN_ENUM_CONVERSION = YES;
				CLANG_WARN_INFINITE_RECURSION = YES;
				CLANG_WARN_INT_CONVERSION = YES;
				CLANG_WARN_NON_LITERAL_NULL_CONVERSION = YES;
				CLANG_WARN_OBJC_IMPLICIT_RETAIN_SELF = YES;
				CLANG_WARN_OBJC_LITERAL_CONVERSION = YES;
				CLANG_WARN_OBJC_ROOT_CLASS = YES_ERROR;
				CLANG_WARN_QUOTED_INCLUDE_IN_FRAMEWORK_HEADER = YES;
				CLANG_WARN_RANGE_LOOP_ANALYSIS = YES;
				CLANG_WARN_STRICT_PROTOTYPES = YES;
				CLANG_WARN_SUSPICIOUS_MOVE = YES;
				CLANG_WARN_UNGUARDED_AVAILABILITY = YES_AGGRESSIVE;
				CLANG_WARN_UNREACHABLE_CODE = YES;
				CLANG_WARN__DUPLICATE_METHOD_MATCH = YES;
				COPY_PHASE_STRIP = NO;
				DEBUG_INFORMATION_FORMAT = "dwarf-with-dsym";
				ENABLE_NS_ASSERTIONS = NO;
				ENABLE_STRICT_OBJC_MSGSEND = YES;
				ENABLE_USER_SCRIPT_SANDBOXING = YES;
				GCC_C_LANGUAGE_STANDARD = gnu17;
				GCC_NO_COMMON_BLOCKS = YES;
				GCC_WARN_64_TO_32_BIT_CONVERSION = YES;
				GCC_WARN_ABOUT_RETURN_TYPE = YES_ERROR;
				GCC_WARN_UNDECLARED_SELECTOR = YES;
				GCC_WARN_UNINITIALIZED_AUTOS = YES_AGGRESSIVE;
				GCC_WARN_UNUSED_FUNCTION = YES;
				GCC_WARN_UNUSED_VARIABLE = YES;
				IPHONEOS_DEPLOYMENT_TARGET = 18.0;
				LOCALIZATION_PREFERS_STRING_CATALOGS = YES;
				MTL_ENABLE_DEBUG_INFO = NO;
				MTL_FAST_MATH = YES;
				SDKROOT = iphoneos;
				SWIFT_COMPILATION_MODE = wholemodule;
				VALIDATE_PRODUCT = YES;
			};
			name = Release;
		};
/* End XCBuildConfiguration section */

/* Begin XCConfigurationList section */
		E4F963E92D9E3276002B0378 /* Build configuration list for PBXProject "DDNetCheck" */ = {
			isa = XCConfigurationList;
			buildConfigurations = (
				E4F964042D9E327B002B0378 /* Debug */,
				E4F964052D9E327B002B0378 /* Release */,
			);
			defaultConfigurationIsVisible = 0;
			defaultConfigurationName = Release;
		};
		E4F964012D9E327B002B0378 /* Build configuration list for PBXNativeTarget "DDNetCheck" */ = {
			isa = XCConfigurationList;
			buildConfigurations = (
				E4F964022D9E327B002B0378 /* Debug */,
				E4F964032D9E327B002B0378 /* Release */,
			);
			defaultConfigurationIsVisible = 0;
			defaultConfigurationName = Release;
		};
/* End XCConfigurationList section */
	};
	rootObject = E4F963E62D9E3276002B0378 /* Project object */;
}
